
Microsoft Visual Studio Solution File, Format Version 12.00
# Visual Studio Version 17
VisualStudioVersion = 17.3.32811.315
MinimumVisualStudioVersion = 10.0.40219.1
Project("{FAE04EC0-301F-11D3-BF4B-00C04F79EFBC}") = "EITCeridianCodeChallengeJMTE", "EITCeridianCodeChallengeJMTE\EITCeridianCodeChallengeJMTE.csproj", "{990CE631-2136-4DE9-847A-7BA5C1BDB5CC}"
EndProject
Project("{FAE04EC0-301F-11D3-BF4B-00C04F79EFBC}") = "EITCeridianCodeChallengeTestProject", "EITCeridianCodeChallengeTestProject\EITCeridianCodeChallengeTestProject.csproj", "{1112B3CE-19AF-42E7-9CF6-E0754FFAE4F4}"
EndProject
Global
	GlobalSection(SolutionConfigurationPlatforms) = preSolution
		Debug|Any CPU = Debug|Any CPU
		Release|Any CPU = Release|Any CPU
	EndGlobalSection
	GlobalSection(ProjectConfigurationPlatforms) = postSolution
		{990CE631-2136-4DE9-847A-7BA5C1BDB5CC}.Debug|Any CPU.ActiveCfg = Debug|Any CPU
		{990CE631-2136-4DE9-847A-7BA5C1BDB5CC}.Debug|Any CPU.Build.0 = Debug|Any CPU
		{990CE631-2136-4DE9-847A-7BA5C1BDB5CC}.Release|Any CPU.ActiveCfg = Release|Any CPU
		{990CE631-2136-4DE9-847A-7BA5C1BDB5CC}.Release|Any CPU.Build.0 = Release|Any CPU
		{1112B3CE-19AF-42E7-9CF6-E0754FFAE4F4}.Debug|Any CPU.ActiveCfg = Debug|Any CPU
		{1112B3CE-19AF-42E7-9CF6-E0754FFAE4F4}.Debug|Any CPU.Build.0 = Debug|Any CPU
		{1112B3CE-19AF-42E7-9CF6-E0754FFAE4F4}.Release|Any CPU.ActiveCfg = Release|Any CPU
		{1112B3CE-19AF-42E7-9CF6-E0754FFAE4F4}.Release|Any CPU.Build.0 = Release|Any CPU
	EndGlobalSection
	GlobalSection(SolutionProperties) = preSolution
		HideSolutionNode = FALSE
	EndGlobalSection
	GlobalSection(ExtensibilityGlobals) = postSolution
		SolutionGuid = {B0135C25-81C5-4D55-82DC-35C676190E02}
	EndGlobalSection
EndGlobal
